<?xml version="1.0" encoding="utf-8"?>
<Project ToolsVersion="4.0" xmlns="http://schemas.microsoft.com/developer/msbuild/2003">
  <ItemGroup>
    <Filter Include="Source Files">
      <UniqueIdentifier>{4FC737F1-C7A5-4376-A066-2A32D752A2FF}</UniqueIdentifier>
      <Extensions>cpp;c;cc;cxx;c++;cppm;ixx;def;odl;idl;hpj;bat;asm;asmx</Extensions>
    </Filter>
    <Filter Include="Header Files">
      <UniqueIdentifier>{93995380-89BD-4b04-88EB-625FBE52EBFB}</UniqueIdentifier>
      <Extensions>h;hh;hpp;hxx;h++;hm;inl;inc;ipp;xsd</Extensions>
    </Filter>
    <Filter Include="Resource Files">
      <UniqueIdentifier>{67DA6AB6-F800-4c08-8B7A-83BB121AAD01}</UniqueIdentifier>
      <Extensions>rc;ico;cur;bmp;dlg;rc2;rct;bin;rgs;gif;jpg;jpeg;jpe;resx;tiff;tif;png;wav;mfcribbon-ms</Extensions>
    </Filter>
    <Filter Include="rapidjson">
      <UniqueIdentifier>{78fa10c3-bfc5-430e-aed2-5ae66c9824e3}</UniqueIdentifier>
    </Filter>
    <Filter Include="rapidjson\internal">
      <UniqueIdentifier>{3b5af77a-559c-4d7b-86d8-687ea4a2eb5b}</UniqueIdentifier>
    </Filter>
  </ItemGroup>
  <ItemGroup>
    <ClInclude Include="framework.h">
      <Filter>Header Files</Filter>
    </ClInclude>
    <ClInclude Include="targetver.h">
      <Filter>Header Files</Filter>
    </ClInclude>
    <ClInclude Include="Resource.h">
      <Filter>Header Files</Filter>
    </ClInclude>
    <ClInclude Include="TestApp.h">
      <Filter>Header Files</Filter>
    </ClInclude>
    <ClInclude Include="stdafx.h">
      <Filter>Header Files</Filter>
    </ClInclude>
    <ClInclude Include="..\MenuToolsHook\MenuTools.h">
      <Filter>Header Files</Filter>
    </ClInclude>
    <ClInclude Include="..\MenuCommon\ScreenToolWnd.h">
      <Filter>Header Files</Filter>
    </ClInclude>
    <ClInclude Include="..\MenuCommon\Logger.h">
      <Filter>Header Files</Filter>
    </ClInclude>
    <ClInclude Include="..\MenuCommon\TrayIcon.h">
      <Filter>Header Files</Filter>
    </ClInclude>
    <ClInclude Include="..\MenuCommon\Defines.h">
      <Filter>Header Files</Filter>
    </ClInclude>
    <ClInclude Include="..\rapidjson\include\rapidjson\document.h">
      <Filter>rapidjson</Filter>
    </ClInclude>
    <ClInclude Include="..\rapidjson\include\rapidjson\encodedstream.h">
      <Filter>rapidjson</Filter>
    </ClInclude>
    <ClInclude Include="..\rapidjson\include\rapidjson\encodings.h">
      <Filter>rapidjson</Filter>
    </ClInclude>
    <ClInclude Include="..\rapidjson\include\rapidjson\filereadstream.h">
      <Filter>rapidjson</Filter>
    </ClInclude>
    <ClInclude Include="..\rapidjson\include\rapidjson\filewritestream.h">
      <Filter>rapidjson</Filter>
    </ClInclude>
    <ClInclude Include="..\rapidjson\include\rapidjson\fwd.h">
      <Filter>rapidjson</Filter>
    </ClInclude>
    <ClInclude Include="..\rapidjson\include\rapidjson\istreamwrapper.h">
      <Filter>rapidjson</Filter>
    </ClInclude>
    <ClInclude Include="..\rapidjson\include\rapidjson\memorybuffer.h">
      <Filter>rapidjson</Filter>
    </ClInclude>
    <ClInclude Include="..\rapidjson\include\rapidjson\memorystream.h">
      <Filter>rapidjson</Filter>
    </ClInclude>
    <ClInclude Include="..\rapidjson\include\rapidjson\ostreamwrapper.h">
      <Filter>rapidjson</Filter>
    </ClInclude>
    <ClInclude Include="..\rapidjson\include\rapidjson\pointer.h">
      <Filter>rapidjson</Filter>
    </ClInclude>
    <ClInclude Include="..\rapidjson\include\rapidjson\prettywriter.h">
      <Filter>rapidjson</Filter>
    </ClInclude>
    <ClInclude Include="..\rapidjson\include\rapidjson\rapidjson.h">
      <Filter>rapidjson</Filter>
    </ClInclude>
    <ClInclude Include="..\rapidjson\include\rapidjson\reader.h">
      <Filter>rapidjson</Filter>
    </ClInclude>
    <ClInclude Include="..\rapidjson\include\rapidjson\schema.h">
      <Filter>rapidjson</Filter>
    </ClInclude>
    <ClInclude Include="..\rapidjson\include\rapidjson\stream.h">
      <Filter>rapidjson</Filter>
    </ClInclude>
    <ClInclude Include="..\rapidjson\include\rapidjson\stringbuffer.h">
      <Filter>rapidjson</Filter>
    </ClInclude>
    <ClInclude Include="..\rapidjson\include\rapidjson\uri.h">
      <Filter>rapidjson</Filter>
    </ClInclude>
    <ClInclude Include="..\rapidjson\include\rapidjson\writer.h">
      <Filter>rapidjson</Filter>
    </ClInclude>
    <ClInclude Include="..\rapidjson\include\rapidjson\cursorstreamwrapper.h">
      <Filter>rapidjson</Filter>
    </ClInclude>
    <ClInclude Include="..\rapidjson\include\rapidjson\internal\biginteger.h">
      <Filter>rapidjson\internal</Filter>
    </ClInclude>
    <ClInclude Include="..\rapidjson\include\rapidjson\internal\clzll.h">
      <Filter>rapidjson\internal</Filter>
    </ClInclude>
    <ClInclude Include="..\rapidjson\include\rapidjson\internal\diyfp.h">
      <Filter>rapidjson\internal</Filter>
    </ClInclude>
    <ClInclude Include="..\rapidjson\include\rapidjson\internal\dtoa.h">
      <Filter>rapidjson\internal</Filter>
    </ClInclude>
    <ClInclude Include="..\rapidjson\include\rapidjson\internal\ieee754.h">
      <Filter>rapidjson\internal</Filter>
    </ClInclude>
    <ClInclude Include="..\rapidjson\include\rapidjson\internal\itoa.h">
      <Filter>rapidjson\internal</Filter>
    </ClInclude>
    <ClInclude Include="..\rapidjson\include\rapidjson\internal\meta.h">
      <Filter>rapidjson\internal</Filter>
    </ClInclude>
    <ClInclude Include="..\rapidjson\include\rapidjson\internal\pow10.h">
      <Filter>rapidjson\internal</Filter>
    </ClInclude>
    <ClInclude Include="..\rapidjson\include\rapidjson\internal\regex.h">
      <Filter>rapidjson\internal</Filter>
    </ClInclude>
    <ClInclude Include="..\rapidjson\include\rapidjson\internal\stack.h">
      <Filter>rapidjson\internal</Filter>
    </ClInclude>
    <ClInclude Include="..\rapidjson\include\rapidjson\internal\strfunc.h">
      <Filter>rapidjson\internal</Filter>
    </ClInclude>
    <ClInclude Include="..\rapidjson\include\rapidjson\internal\strtod.h">
      <Filter>rapidjson\internal</Filter>
    </ClInclude>
    <ClInclude Include="..\rapidjson\include\rapidjson\internal\swap.h">
      <Filter>rapidjson\internal</Filter>
    </ClInclude>
  </ItemGroup>
  <ItemGroup>
    <ClCompile Include="TestApp.cpp">
      <Filter>Source Files</Filter>
    </ClCompile>
    <ClCompile Include="pch.cpp">
      <Filter>Source Files</Filter>
    </ClCompile>
    <ClCompile Include="..\MenuToolsHook\MenuTools.cpp">
      <Filter>Source Files</Filter>
    </ClCompile>
    <ClCompile Include="..\MenuToolsHook\MenuToolsHook.cpp">
      <Filter>Source Files</Filter>
    </ClCompile>
    <ClCompile Include="..\MenuCommon\TrayIcon.cpp">
      <Filter>Source Files</Filter>
    </ClCompile>
    <ClCompile Include="..\MenuCommon\ScreenToolWnd.cpp">
      <Filter>Source Files</Filter>
    </ClCompile>
  </ItemGroup>
  <ItemGroup>
    <ResourceCompile Include="TestApp.rc">
      <Filter>Resource Files</Filter>
    </ResourceCompile>
  </ItemGroup>
  <ItemGroup>
    <Image Include="small.ico">
      <Filter>Resource Files</Filter>
    </Image>
    <Image Include="TestApp.ico">
      <Filter>Resource Files</Filter>
    </Image>
  </ItemGroup>
</Project>